
Microsoft Visual Studio Solution File, Format Version 12.00
# Visual Studio Version 16
VisualStudioVersion = 16.0.29613.14
MinimumVisualStudioVersion = 10.0.40219.1
Project("{FAE04EC0-301F-11D3-BF4B-00C04F79EFBC}") = "HttpClientIssue", "HttpClientIssue\HttpClientIssue.csproj", "{62B33C7D-0F74-42E4-8CFB-049FE7379A11}"
EndProject
Global
	GlobalSection(SolutionConfigurationPlatforms) = preSolution
		Debug|Any CPU = Debug|Any CPU
		Release|Any CPU = Release|Any CPU
	EndGlobalSection
	GlobalSection(ProjectConfigurationPlatforms) = postSolution
		{62B33C7D-0F74-42E4-8CFB-049FE7379A11}.Debug|Any CPU.ActiveCfg = Debug|Any CPU
		{62B33C7D-0F74-42E4-8CFB-049FE7379A11}.Debug|Any CPU.Build.0 = Debug|Any CPU
		{62B33C7D-0F74-42E4-8CFB-049FE7379A11}.Release|Any CPU.ActiveCfg = Release|Any CPU
		{62B33C7D-0F74-42E4-8CFB-049FE7379A11}.Release|Any CPU.Build.0 = Release|Any CPU
	EndGlobalSection
	GlobalSection(SolutionProperties) = preSolution
		HideSolutionNode = FALSE
	EndGlobalSection
	GlobalSection(ExtensibilityGlobals) = postSolution
		SolutionGuid = {84E1FAF2-8A1B-481F-AB8E-A3B3E4CDA2BB}
	EndGlobalSection
EndGlobal
